
Microsoft Visual Studio Solution File, Format Version 12.00
Project("{FAE04EC0-301F-11D3-BF4B-00C04F79EFBC}") = "Fiorella", "Fiorella\Fiorella.csproj", "{66573EFD-EDBB-44D0-9666-D9324A1F7B56}"
EndProject
Global
	GlobalSection(SolutionConfigurationPlatforms) = preSolution
		Debug|Any CPU = Debug|Any CPU
		Release|Any CPU = Release|Any CPU
	EndGlobalSection
	GlobalSection(ProjectConfigurationPlatforms) = postSolution
		{66573EFD-EDBB-44D0-9666-D9324A1F7B56}.Debug|Any CPU.ActiveCfg = Debug|Any CPU
		{66573EFD-EDBB-44D0-9666-D9324A1F7B56}.Debug|Any CPU.Build.0 = Debug|Any CPU
		{66573EFD-EDBB-44D0-9666-D9324A1F7B56}.Release|Any CPU.ActiveCfg = Release|Any CPU
		{66573EFD-EDBB-44D0-9666-D9324A1F7B56}.Release|Any CPU.Build.0 = Release|Any CPU
	EndGlobalSection
EndGlobal
